# This file is autogenerated, do not edit; changes may be undone by the next 'dep ensure'.


[[projects]]
  branch = "master"
  digest = "1:002e33e838777c9938b8cd3af52750ef6c35713b311f2e3f2640c799669f808c"
  name = "github.com/astaxie/goorm"
  packages = ["."]
  pruneopts = "UT"
  revision = "d35780c0d3cefa6f6171add5a864e7948e7fee8b"

[[projects]]
  digest = "1:c79fb010be38a59d657c48c6ba1d003a8aa651fa56b579d959d74573b7dff8e1"
  name = "github.com/gorilla/context"
  packages = ["."]
  pruneopts = "UT"
  revision = "08b5f424b9271eedf6f9f0ce86cb9396ed337a42"
  version = "v1.1.1"

[[projects]]
  digest = "1:e73f5b0152105f18bc131fba127d9949305c8693f8a762588a82a48f61756f5f"
  name = "github.com/gorilla/mux"
  packages = ["."]
  pruneopts = "UT"
  revision = "e3702bed27f0d39777b0b37b664b6280e8ef8fbf"
  version = "v1.6.2"

[[projects]]
  digest = "1:47e5d86eca428b1ef843117e3da1ec25547ee9ed50ffe93284cc77837504b28b"
  name = "github.com/mikespook/mymysql"
  packages = [
    "mysql",
    "native",
  ]
  pruneopts = "UT"
  revision = "2eec962338c7168d8e18532f02801fdf2c4d0a3d"
  version = "v0.4.7"

[[projects]]
  digest = "1:bb0d999fbfbc40f7bf42a24eca5e6894fa24a9efdad13d6908bea34bc3309722"
  name = "github.com/subosito/gotenv"
  packages = ["."]
  pruneopts = "UT"
  revision = "69b5b6104433beb2cb9c3ce00bdadf3c7c2d3f34"
  version = "v1.1.1"

[[projects]]
  digest = "1:d0b7a4ec30c50048d1e3f02d7e340c18983ddf291b9626a834c3d1d433a334db"
  name = "github.com/ziutek/mymysql"
  packages = ["mysql"]
  pruneopts = "UT"
  revision = "e08c2f35356576b3c3690c252fe5dca728ae9292"
  version = "v1.5.4"

[solve-meta]
  analyzer-name = "dep"
  analyzer-version = 1
  input-imports = [
    "github.com/astaxie/goorm",
    "github.com/gorilla/mux",
    "github.com/subosito/gotenv",
  ]
  solver-name = "gps-cdcl"
  solver-version = 1
